
Microsoft Visual Studio Solution File, Format Version 12.00
# Visual Studio Version 16
VisualStudioVersion = 16.0.29123.88
MinimumVisualStudioVersion = 10.0.40219.1
Project("{FAE04EC0-301F-11D3-BF4B-00C04F79EFBC}") = "SecondOne", "SecondOne\SecondOne.csproj", "{385CAFCA-9F2B-4A55-BF7E-D6D11EB5EED0}"
EndProject
Global
	GlobalSection(SolutionConfigurationPlatforms) = preSolution
		Debug|Any CPU = Debug|Any CPU
		Release|Any CPU = Release|Any CPU
	EndGlobalSection
	GlobalSection(ProjectConfigurationPlatforms) = postSolution
		{385CAFCA-9F2B-4A55-BF7E-D6D11EB5EED0}.Debug|Any CPU.ActiveCfg = Debug|Any CPU
		{385CAFCA-9F2B-4A55-BF7E-D6D11EB5EED0}.Debug|Any CPU.Build.0 = Debug|Any CPU
		{385CAFCA-9F2B-4A55-BF7E-D6D11EB5EED0}.Release|Any CPU.ActiveCfg = Release|Any CPU
		{385CAFCA-9F2B-4A55-BF7E-D6D11EB5EED0}.Release|Any CPU.Build.0 = Release|Any CPU
	EndGlobalSection
	GlobalSection(SolutionProperties) = preSolution
		HideSolutionNode = FALSE
	EndGlobalSection
	GlobalSection(ExtensibilityGlobals) = postSolution
		SolutionGuid = {C246C15B-690B-4118-860C-17E068A9DADB}
	EndGlobalSection
EndGlobal
