
Microsoft Visual Studio Solution File, Format Version 12.00
# Visual Studio Version 16
VisualStudioVersion = 16.0.29123.88
MinimumVisualStudioVersion = 10.0.40219.1
Project("{FAE04EC0-301F-11D3-BF4B-00C04F79EFBC}") = "CalculatorProblem", "CalculatorProblem\CalculatorProblem.csproj", "{D0C22BF4-D970-4287-877B-A38A52D7738B}"
EndProject
Global
	GlobalSection(SolutionConfigurationPlatforms) = preSolution
		Debug|Any CPU = Debug|Any CPU
		Release|Any CPU = Release|Any CPU
	EndGlobalSection
	GlobalSection(ProjectConfigurationPlatforms) = postSolution
		{D0C22BF4-D970-4287-877B-A38A52D7738B}.Debug|Any CPU.ActiveCfg = Debug|Any CPU
		{D0C22BF4-D970-4287-877B-A38A52D7738B}.Debug|Any CPU.Build.0 = Debug|Any CPU
		{D0C22BF4-D970-4287-877B-A38A52D7738B}.Release|Any CPU.ActiveCfg = Release|Any CPU
		{D0C22BF4-D970-4287-877B-A38A52D7738B}.Release|Any CPU.Build.0 = Release|Any CPU
	EndGlobalSection
	GlobalSection(SolutionProperties) = preSolution
		HideSolutionNode = FALSE
	EndGlobalSection
	GlobalSection(ExtensibilityGlobals) = postSolution
		SolutionGuid = {32EAE29C-8F58-475D-9F9A-41F62C247742}
	EndGlobalSection
EndGlobal
